
Microsoft Visual Studio Solution File, Format Version 12.00
# Visual Studio Version 17
VisualStudioVersion = 17.2.32630.192
MinimumVisualStudioVersion = 10.0.40219.1
Project("{9A19103F-16F7-4668-BE54-9A1E7A4F7556}") = "VisualPairCoding.BL", "VisualPairCoding.BL\VisualPairCoding.BL.csproj", "{98BEDDEA-9348-40F6-B733-1AE2F6C544E9}"
EndProject
Project("{9A19103F-16F7-4668-BE54-9A1E7A4F7556}") = "VisualPairCoding.Infrastructure", "VisualPairCoding.Infrastructure\VisualPairCoding.Infrastructure.csproj", "{36A3F570-05EE-46DD-A031-C44B035A784D}"
EndProject
Project("{FAE04EC0-301F-11D3-BF4B-00C04F79EFBC}") = "VisualPairCoding.AvaloniaUI", "VisualPairCoding.AvaloniaUI\VisualPairCoding.AvaloniaUI.csproj", "{CBD34F3F-2A14-49E3-9A04-0F5A22210246}"
EndProject
Project("{FAE04EC0-301F-11D3-BF4B-00C04F79EFBC}") = "VisualPairCoding.BL.Tests", "VisualPairCoding.BL.Tests\VisualPairCoding.BL.Tests.csproj", "{34E12B4B-9B43-47C8-B022-901B0881F277}"
EndProject
Project("{FAE04EC0-301F-11D3-BF4B-00C04F79EFBC}") = "VisualPairCoding.Infrastructure.Tests", "VisualPairCoding.Infrastructure.Tests\VisualPairCoding.Infrastructure.Tests.csproj", "{1AED39EE-E3EF-498E-84E3-AA44770565F3}"
EndProject
Global
	GlobalSection(SolutionConfigurationPlatforms) = preSolution
		Debug|Any CPU = Debug|Any CPU
		Debug|x64 = Debug|x64
		Debug|x86 = Debug|x86
		Release|Any CPU = Release|Any CPU
		Release|x64 = Release|x64
		Release|x86 = Release|x86
	EndGlobalSection
	GlobalSection(ProjectConfigurationPlatforms) = postSolution
		{98BEDDEA-9348-40F6-B733-1AE2F6C544E9}.Debug|Any CPU.ActiveCfg = Debug|Any CPU
		{98BEDDEA-9348-40F6-B733-1AE2F6C544E9}.Debug|Any CPU.Build.0 = Debug|Any CPU
		{98BEDDEA-9348-40F6-B733-1AE2F6C544E9}.Debug|x64.ActiveCfg = Debug|Any CPU
		{98BEDDEA-9348-40F6-B733-1AE2F6C544E9}.Debug|x64.Build.0 = Debug|Any CPU
		{98BEDDEA-9348-40F6-B733-1AE2F6C544E9}.Debug|x86.ActiveCfg = Debug|Any CPU
		{98BEDDEA-9348-40F6-B733-1AE2F6C544E9}.Debug|x86.Build.0 = Debug|Any CPU
		{98BEDDEA-9348-40F6-B733-1AE2F6C544E9}.Release|Any CPU.ActiveCfg = Release|Any CPU
		{98BEDDEA-9348-40F6-B733-1AE2F6C544E9}.Release|Any CPU.Build.0 = Release|Any CPU
		{98BEDDEA-9348-40F6-B733-1AE2F6C544E9}.Release|x64.ActiveCfg = Release|Any CPU
		{98BEDDEA-9348-40F6-B733-1AE2F6C544E9}.Release|x64.Build.0 = Release|Any CPU
		{98BEDDEA-9348-40F6-B733-1AE2F6C544E9}.Release|x86.ActiveCfg = Release|Any CPU
		{98BEDDEA-9348-40F6-B733-1AE2F6C544E9}.Release|x86.Build.0 = Release|Any CPU
		{36A3F570-05EE-46DD-A031-C44B035A784D}.Debug|Any CPU.ActiveCfg = Debug|Any CPU
		{36A3F570-05EE-46DD-A031-C44B035A784D}.Debug|Any CPU.Build.0 = Debug|Any CPU
		{36A3F570-05EE-46DD-A031-C44B035A784D}.Debug|x64.ActiveCfg = Debug|Any CPU
		{36A3F570-05EE-46DD-A031-C44B035A784D}.Debug|x64.Build.0 = Debug|Any CPU
		{36A3F570-05EE-46DD-A031-C44B035A784D}.Debug|x86.ActiveCfg = Debug|Any CPU
		{36A3F570-05EE-46DD-A031-C44B035A784D}.Debug|x86.Build.0 = Debug|Any CPU
		{36A3F570-05EE-46DD-A031-C44B035A784D}.Release|Any CPU.ActiveCfg = Release|Any CPU
		{36A3F570-05EE-46DD-A031-C44B035A784D}.Release|Any CPU.Build.0 = Release|Any CPU
		{36A3F570-05EE-46DD-A031-C44B035A784D}.Release|x64.ActiveCfg = Release|Any CPU
		{36A3F570-05EE-46DD-A031-C44B035A784D}.Release|x64.Build.0 = Release|Any CPU
		{36A3F570-05EE-46DD-A031-C44B035A784D}.Release|x86.ActiveCfg = Release|Any CPU
		{36A3F570-05EE-46DD-A031-C44B035A784D}.Release|x86.Build.0 = Release|Any CPU
		{CBD34F3F-2A14-49E3-9A04-0F5A22210246}.Debug|Any CPU.ActiveCfg = Debug|Any CPU
		{CBD34F3F-2A14-49E3-9A04-0F5A22210246}.Debug|Any CPU.Build.0 = Debug|Any CPU
		{CBD34F3F-2A14-49E3-9A04-0F5A22210246}.Debug|x64.ActiveCfg = Debug|Any CPU
		{CBD34F3F-2A14-49E3-9A04-0F5A22210246}.Debug|x64.Build.0 = Debug|Any CPU
		{CBD34F3F-2A14-49E3-9A04-0F5A22210246}.Debug|x86.ActiveCfg = Debug|Any CPU
		{CBD34F3F-2A14-49E3-9A04-0F5A22210246}.Debug|x86.Build.0 = Debug|Any CPU
		{CBD34F3F-2A14-49E3-9A04-0F5A22210246}.Release|Any CPU.ActiveCfg = Release|Any CPU
		{CBD34F3F-2A14-49E3-9A04-0F5A22210246}.Release|Any CPU.Build.0 = Release|Any CPU
		{CBD34F3F-2A14-49E3-9A04-0F5A22210246}.Release|x64.ActiveCfg = Release|Any CPU
		{CBD34F3F-2A14-49E3-9A04-0F5A22210246}.Release|x64.Build.0 = Release|Any CPU
		{CBD34F3F-2A14-49E3-9A04-0F5A22210246}.Release|x86.ActiveCfg = Release|Any CPU
		{CBD34F3F-2A14-49E3-9A04-0F5A22210246}.Release|x86.Build.0 = Release|Any CPU
		{34E12B4B-9B43-47C8-B022-901B0881F277}.Debug|Any CPU.ActiveCfg = Debug|Any CPU
		{34E12B4B-9B43-47C8-B022-901B0881F277}.Debug|Any CPU.Build.0 = Debug|Any CPU
		{34E12B4B-9B43-47C8-B022-901B0881F277}.Debug|x64.ActiveCfg = Debug|Any CPU
		{34E12B4B-9B43-47C8-B022-901B0881F277}.Debug|x64.Build.0 = Debug|Any CPU
		{34E12B4B-9B43-47C8-B022-901B0881F277}.Debug|x86.ActiveCfg = Debug|Any CPU
		{34E12B4B-9B43-47C8-B022-901B0881F277}.Debug|x86.Build.0 = Debug|Any CPU
		{34E12B4B-9B43-47C8-B022-901B0881F277}.Release|Any CPU.ActiveCfg = Release|Any CPU
		{34E12B4B-9B43-47C8-B022-901B0881F277}.Release|Any CPU.Build.0 = Release|Any CPU
		{34E12B4B-9B43-47C8-B022-901B0881F277}.Release|x64.ActiveCfg = Release|Any CPU
		{34E12B4B-9B43-47C8-B022-901B0881F277}.Release|x64.Build.0 = Release|Any CPU
		{34E12B4B-9B43-47C8-B022-901B0881F277}.Release|x86.ActiveCfg = Release|Any CPU
		{34E12B4B-9B43-47C8-B022-901B0881F277}.Release|x86.Build.0 = Release|Any CPU
		{1AED39EE-E3EF-498E-84E3-AA44770565F3}.Debug|Any CPU.ActiveCfg = Debug|Any CPU
		{1AED39EE-E3EF-498E-84E3-AA44770565F3}.Debug|Any CPU.Build.0 = Debug|Any CPU
		{1AED39EE-E3EF-498E-84E3-AA44770565F3}.Debug|x64.ActiveCfg = Debug|Any CPU
		{1AED39EE-E3EF-498E-84E3-AA44770565F3}.Debug|x64.Build.0 = Debug|Any CPU
		{1AED39EE-E3EF-498E-84E3-AA44770565F3}.Debug|x86.ActiveCfg = Debug|Any CPU
		{1AED39EE-E3EF-498E-84E3-AA44770565F3}.Debug|x86.Build.0 = Debug|Any CPU
		{1AED39EE-E3EF-498E-84E3-AA44770565F3}.Release|Any CPU.ActiveCfg = Release|Any CPU
		{1AED39EE-E3EF-498E-84E3-AA44770565F3}.Release|Any CPU.Build.0 = Release|Any CPU
		{1AED39EE-E3EF-498E-84E3-AA44770565F3}.Release|x64.ActiveCfg = Release|Any CPU
		{1AED39EE-E3EF-498E-84E3-AA44770565F3}.Release|x64.Build.0 = Release|Any CPU
		{1AED39EE-E3EF-498E-84E3-AA44770565F3}.Release|x86.ActiveCfg = Release|Any CPU
		{1AED39EE-E3EF-498E-84E3-AA44770565F3}.Release|x86.Build.0 = Release|Any CPU
	EndGlobalSection
	GlobalSection(SolutionProperties) = preSolution
		HideSolutionNode = FALSE
	EndGlobalSection
	GlobalSection(ExtensibilityGlobals) = postSolution
		SolutionGuid = {8E4B89FF-E8C3-4B28-ACD1-29CD93C9E6E0}
	EndGlobalSection
EndGlobal
